
Microsoft Visual Studio Solution File, Format Version 12.00
# Visual Studio Version 17
VisualStudioVersion = 17.0.31903.59
MinimumVisualStudioVersion = 10.0.40219.1
Project("{FAE04EC0-301F-11D3-BF4B-00C04F79EFBC}") = "AppHost", "AppHost\AppHost.csproj", "{3C613CA7-FBEE-40AA-AF08-95B091E8E01A}"
EndProject
Project("{FAE04EC0-301F-11D3-BF4B-00C04F79EFBC}") = "ServiceDefaults", "ServiceDefaults\ServiceDefaults.csproj", "{7CB18B72-3B74-4A29-8FEA-61967313F04C}"
EndProject
Project("{FAE04EC0-301F-11D3-BF4B-00C04F79EFBC}") = "WebApi", "WebApi\WebApi.csproj", "{D3F3282E-FE20-4AA9-9B2B-165BF9B4BB25}"
EndProject
Global
	GlobalSection(SolutionConfigurationPlatforms) = preSolution
		Debug|Any CPU = Debug|Any CPU
		Debug|x64 = Debug|x64
		Debug|x86 = Debug|x86
		Release|Any CPU = Release|Any CPU
		Release|x64 = Release|x64
		Release|x86 = Release|x86
	EndGlobalSection
	GlobalSection(ProjectConfigurationPlatforms) = postSolution
		{3C613CA7-FBEE-40AA-AF08-95B091E8E01A}.Debug|Any CPU.ActiveCfg = Debug|Any CPU
		{3C613CA7-FBEE-40AA-AF08-95B091E8E01A}.Debug|Any CPU.Build.0 = Debug|Any CPU
		{3C613CA7-FBEE-40AA-AF08-95B091E8E01A}.Debug|x64.ActiveCfg = Debug|Any CPU
		{3C613CA7-FBEE-40AA-AF08-95B091E8E01A}.Debug|x64.Build.0 = Debug|Any CPU
		{3C613CA7-FBEE-40AA-AF08-95B091E8E01A}.Debug|x86.ActiveCfg = Debug|Any CPU
		{3C613CA7-FBEE-40AA-AF08-95B091E8E01A}.Debug|x86.Build.0 = Debug|Any CPU
		{3C613CA7-FBEE-40AA-AF08-95B091E8E01A}.Release|Any CPU.ActiveCfg = Release|Any CPU
		{3C613CA7-FBEE-40AA-AF08-95B091E8E01A}.Release|Any CPU.Build.0 = Release|Any CPU
		{3C613CA7-FBEE-40AA-AF08-95B091E8E01A}.Release|x64.ActiveCfg = Release|Any CPU
		{3C613CA7-FBEE-40AA-AF08-95B091E8E01A}.Release|x64.Build.0 = Release|Any CPU
		{3C613CA7-FBEE-40AA-AF08-95B091E8E01A}.Release|x86.ActiveCfg = Release|Any CPU
		{3C613CA7-FBEE-40AA-AF08-95B091E8E01A}.Release|x86.Build.0 = Release|Any CPU
		{7CB18B72-3B74-4A29-8FEA-61967313F04C}.Debug|Any CPU.ActiveCfg = Debug|Any CPU
		{7CB18B72-3B74-4A29-8FEA-61967313F04C}.Debug|Any CPU.Build.0 = Debug|Any CPU
		{7CB18B72-3B74-4A29-8FEA-61967313F04C}.Debug|x64.ActiveCfg = Debug|Any CPU
		{7CB18B72-3B74-4A29-8FEA-61967313F04C}.Debug|x64.Build.0 = Debug|Any CPU
		{7CB18B72-3B74-4A29-8FEA-61967313F04C}.Debug|x86.ActiveCfg = Debug|Any CPU
		{7CB18B72-3B74-4A29-8FEA-61967313F04C}.Debug|x86.Build.0 = Debug|Any CPU
		{7CB18B72-3B74-4A29-8FEA-61967313F04C}.Release|Any CPU.ActiveCfg = Release|Any CPU
		{7CB18B72-3B74-4A29-8FEA-61967313F04C}.Release|Any CPU.Build.0 = Release|Any CPU
		{7CB18B72-3B74-4A29-8FEA-61967313F04C}.Release|x64.ActiveCfg = Release|Any CPU
		{7CB18B72-3B74-4A29-8FEA-61967313F04C}.Release|x64.Build.0 = Release|Any CPU
		{7CB18B72-3B74-4A29-8FEA-61967313F04C}.Release|x86.ActiveCfg = Release|Any CPU
		{7CB18B72-3B74-4A29-8FEA-61967313F04C}.Release|x86.Build.0 = Release|Any CPU
		{D3F3282E-FE20-4AA9-9B2B-165BF9B4BB25}.Debug|Any CPU.ActiveCfg = Debug|Any CPU
		{D3F3282E-FE20-4AA9-9B2B-165BF9B4BB25}.Debug|Any CPU.Build.0 = Debug|Any CPU
		{D3F3282E-FE20-4AA9-9B2B-165BF9B4BB25}.Debug|x64.ActiveCfg = Debug|Any CPU
		{D3F3282E-FE20-4AA9-9B2B-165BF9B4BB25}.Debug|x64.Build.0 = Debug|Any CPU
		{D3F3282E-FE20-4AA9-9B2B-165BF9B4BB25}.Debug|x86.ActiveCfg = Debug|Any CPU
		{D3F3282E-FE20-4AA9-9B2B-165BF9B4BB25}.Debug|x86.Build.0 = Debug|Any CPU
		{D3F3282E-FE20-4AA9-9B2B-165BF9B4BB25}.Release|Any CPU.ActiveCfg = Release|Any CPU
		{D3F3282E-FE20-4AA9-9B2B-165BF9B4BB25}.Release|Any CPU.Build.0 = Release|Any CPU
		{D3F3282E-FE20-4AA9-9B2B-165BF9B4BB25}.Release|x64.ActiveCfg = Release|Any CPU
		{D3F3282E-FE20-4AA9-9B2B-165BF9B4BB25}.Release|x64.Build.0 = Release|Any CPU
		{D3F3282E-FE20-4AA9-9B2B-165BF9B4BB25}.Release|x86.ActiveCfg = Release|Any CPU
		{D3F3282E-FE20-4AA9-9B2B-165BF9B4BB25}.Release|x86.Build.0 = Release|Any CPU
	EndGlobalSection
	GlobalSection(SolutionProperties) = preSolution
		HideSolutionNode = FALSE
	EndGlobalSection
EndGlobal
